
Microsoft Visual Studio Solution File, Format Version 12.00
# Visual Studio Version 17
VisualStudioVersion = 17.10.35122.118
MinimumVisualStudioVersion = 10.0.40219.1
Project("{9A19103F-16F7-4668-BE54-9A1E7A4F7556}") = "Web", "WebApplication1\Web.csproj", "{BB65CE55-4E82-4C58-B578-27896D2302E9}"
EndProject
Project("{FAE04EC0-301F-11D3-BF4B-00C04F79EFBC}") = "TestProject", "TestProject\TestProject.csproj", "{28E9A849-1FA5-416C-B4AE-5C28B1728816}"
EndProject
Global
	GlobalSection(SolutionConfigurationPlatforms) = preSolution
		Debug|Any CPU = Debug|Any CPU
		Release|Any CPU = Release|Any CPU
	EndGlobalSection
	GlobalSection(ProjectConfigurationPlatforms) = postSolution
		{BB65CE55-4E82-4C58-B578-27896D2302E9}.Debug|Any CPU.ActiveCfg = Debug|Any CPU
		{BB65CE55-4E82-4C58-B578-27896D2302E9}.Debug|Any CPU.Build.0 = Debug|Any CPU
		{BB65CE55-4E82-4C58-B578-27896D2302E9}.Release|Any CPU.ActiveCfg = Release|Any CPU
		{BB65CE55-4E82-4C58-B578-27896D2302E9}.Release|Any CPU.Build.0 = Release|Any CPU
		{28E9A849-1FA5-416C-B4AE-5C28B1728816}.Debug|Any CPU.ActiveCfg = Debug|Any CPU
		{28E9A849-1FA5-416C-B4AE-5C28B1728816}.Debug|Any CPU.Build.0 = Debug|Any CPU
		{28E9A849-1FA5-416C-B4AE-5C28B1728816}.Release|Any CPU.ActiveCfg = Release|Any CPU
		{28E9A849-1FA5-416C-B4AE-5C28B1728816}.Release|Any CPU.Build.0 = Release|Any CPU
	EndGlobalSection
	GlobalSection(SolutionProperties) = preSolution
		HideSolutionNode = FALSE
	EndGlobalSection
	GlobalSection(ExtensibilityGlobals) = postSolution
		SolutionGuid = {30AA99E4-3ACB-4CCA-AED2-C108B73DBB16}
	EndGlobalSection
EndGlobal
